{
  "name": "claude-flow",
  "version": "1.0.15",
  "lockfileVersion": 3,
  "requires": true,
  "packages": {
    "": {
      "name": "claude-flow",
      "version": "1.0.15",
      "hasInstallScript": true,
      "license": "MIT",
      "bin": {
        "claude-flow": "bin/claude-flow"
      },
      "engines": {
        "node": ">=16.0.0"
      }
    },
    "node_modules/.deno/@types+node@22.15.15": {
      "extraneous": true
    },
    "node_modules/.deno/undici-types@6.21.0/node_modules/undici-types": {
      "version": "6.21.0",
      "extraneous": true,
      "license": "MIT"
    }
  }
}
